# This file is autogenerated, do not edit; changes may be undone by the next 'dep ensure'.


[[projects]]
  branch = "master"
  name = "github.com/globalsign/mgo"
  packages = [".","bson","internal/json","internal/sasl","internal/scram"]
  revision = "eeefdecb41b842af6dc652aaea4026e8403e62df"

[[projects]]
  name = "github.com/go-chi/chi"
  packages = [".","middleware"]
  revision = "da24bba8dcd4021cafac38724bf10dccc97c3e36"
  version = "v4.0.2"

[[projects]]
  name = "github.com/go-chi/render"
  packages = ["."]
  revision = "3215478343fbc559bd3fc08f7031bb134d6bdad5"
  version = "v1.0.1"

[solve-meta]
  analyzer-name = "dep"
  analyzer-version = 1
  inputs-digest = "deedaafa5ed7d6edd6c151a0ee9353f7a1b2f5c0c0a441d3fbab9be49084e20c"
  solver-name = "gps-cdcl"
  solver-version = 1
